The code is the contents of the `package-lock.json` file in the `cli` directory of your project. 

This file is automatically generated by npm (Node Package Manager) and contains the exact version information for all the dependencies installed in the project.

The `package-lock.json` file serves several purposes:

1. It ensures consistent installation of dependencies across different environments or machines. 
When someone clones your project and runs `npm install`, npm will use the versions specified in the `package-lock.json` file to install the exact same versions of the dependencies that you have in your project.

2. It provides a deterministic and reproducible build. By locking the versions of the dependencies, you can be sure that your project will build and run the same way on different systems, reducing the chances of encountering version-related issues.

3. It improves the installation speed. When npm finds a `package-lock.json` file, it can skip the version resolution step and directly install the specified versions, resulting in faster installation times.

The `package-lock.json` file contains a hierarchical structure of all the dependencies and their sub-dependencies. It includes information such as the package name, version, resolved URL, integrity hash, and the dependencies of each package.

Here are a few key sections in the `package-lock.json` file:

- `name`: The name of your project.
- `version`: The version of your project.
- `lockfileVersion`: The version of the lock file format.
- `requires`: Indicates whether the project requires a lock file.
- `dependencies`: Lists all the direct dependencies of your project and their specific versions.
- `packages`: Contains the details of each dependency and its sub-dependencies, including their versions, resolved URLs, and integrity hashes.

It's important to note that you should commit the `package-lock.json` file to your version control system (e.g., Git) along with your project files. This ensures that everyone working on the project uses the same versions of the dependencies.

When you or someone else wants to install the project dependencies, they can simply run `npm ci` (instead of `npm install`) to install the exact versions specified in the `package-lock.json` file, ensuring a consistent and reproducible environment.

Overall, the `package-lock.json` file plays a crucial role in managing the dependencies of your Node.js project and ensuring consistent installation across different environments.
